
Microsoft Visual Studio Solution File, Format Version 12.00
# Visual Studio Version 16
VisualStudioVersion = 16.0.30011.22
MinimumVisualStudioVersion = 10.0.40219.1
Project("{9A19103F-16F7-4668-BE54-9A1E7A4F7556}") = "Avolantis.AspNetCore.FunctionsServer", "src\Avolantis.AspNetCore.FunctionsServer\Avolantis.AspNetCore.FunctionsServer.csproj", "{A938D8D0-34EE-4564-BD5A-FA364079EAD6}"
EndProject
Project("{9A19103F-16F7-4668-BE54-9A1E7A4F7556}") = "Avolantis.AspNetCore.FunctionsServer.UsageExample", "examples\Avolantis.AspNetCore.FunctionsServer.UsageExample\Avolantis.AspNetCore.FunctionsServer.UsageExample.csproj", "{424A126E-9AA9-4512-A43F-C6E1EA744600}"
EndProject
Project("{9A19103F-16F7-4668-BE54-9A1E7A4F7556}") = "Avolantis.AspNetCore.FunctionsServer.ExampleWebApi", "examples\Avolantis.AspNetCore.FunctionsServer.ExampleWebApi\Avolantis.AspNetCore.FunctionsServer.ExampleWebApi.csproj", "{5D2EC330-B5C4-433B-8E3A-497CE66CE3B0}"
EndProject
Global
	GlobalSection(SolutionConfigurationPlatforms) = preSolution
		Debug|Any CPU = Debug|Any CPU
		Release|Any CPU = Release|Any CPU
	EndGlobalSection
	GlobalSection(ProjectConfigurationPlatforms) = postSolution
		{A938D8D0-34EE-4564-BD5A-FA364079EAD6}.Debug|Any CPU.ActiveCfg = Debug|Any CPU
		{A938D8D0-34EE-4564-BD5A-FA364079EAD6}.Debug|Any CPU.Build.0 = Debug|Any CPU
		{A938D8D0-34EE-4564-BD5A-FA364079EAD6}.Release|Any CPU.ActiveCfg = Release|Any CPU
		{A938D8D0-34EE-4564-BD5A-FA364079EAD6}.Release|Any CPU.Build.0 = Release|Any CPU
		{424A126E-9AA9-4512-A43F-C6E1EA744600}.Debug|Any CPU.ActiveCfg = Debug|Any CPU
		{424A126E-9AA9-4512-A43F-C6E1EA744600}.Debug|Any CPU.Build.0 = Debug|Any CPU
		{424A126E-9AA9-4512-A43F-C6E1EA744600}.Release|Any CPU.ActiveCfg = Release|Any CPU
		{424A126E-9AA9-4512-A43F-C6E1EA744600}.Release|Any CPU.Build.0 = Release|Any CPU
		{5D2EC330-B5C4-433B-8E3A-497CE66CE3B0}.Debug|Any CPU.ActiveCfg = Debug|Any CPU
		{5D2EC330-B5C4-433B-8E3A-497CE66CE3B0}.Debug|Any CPU.Build.0 = Debug|Any CPU
		{5D2EC330-B5C4-433B-8E3A-497CE66CE3B0}.Release|Any CPU.ActiveCfg = Release|Any CPU
		{5D2EC330-B5C4-433B-8E3A-497CE66CE3B0}.Release|Any CPU.Build.0 = Release|Any CPU
	EndGlobalSection
	GlobalSection(SolutionProperties) = preSolution
		HideSolutionNode = FALSE
	EndGlobalSection
	GlobalSection(ExtensibilityGlobals) = postSolution
		SolutionGuid = {2CFD88D7-BB26-4FDA-B9C0-B6F714F94D0A}
	EndGlobalSection
EndGlobal
